// !$*UTF8*$!
{
	archiveVersion = 1;
	classes = {
	};
	objectVersion = 50;
	objects = {

/* Begin PBXBuildFile section */
		751003F1210391440034F00E /* QRReaderViewController.swift in Sources */ = {isa = PBXBuildFile; fileRef = 751003F0210391440034F00E /* QRReaderViewController.swift */; };
		751003F3210397D30034F00E /* QRReaderViewController.storyboard in Resources */ = {isa = PBXBuildFile; fileRef = 751003F2210397D30034F00E /* QRReaderViewController.storyboard */; };
		751003F72103A0E50034F00E /* QRReaderView.swift in Sources */ = {isa = PBXBuildFile; fileRef = 751003F62103A0E50034F00E /* QRReaderView.swift */; };
		751003FB2103A7C90034F00E /* AViewController.swift in Sources */ = {isa = PBXBuildFile; fileRef = 751003FA2103A7C90034F00E /* AViewController.swift */; };
		751003FD2103A7D70034F00E /* AViewController.storyboard in Resources */ = {isa = PBXBuildFile; fileRef = 751003FC2103A7D70034F00E /* AViewController.storyboard */; };
		751004002103A83C0034F00E /* BViewController.storyboard in Resources */ = {isa = PBXBuildFile; fileRef = 751003FF2103A83C0034F00E /* BViewController.storyboard */; };
		751004022103A8480034F00E /* BViewController.swift in Sources */ = {isa = PBXBuildFile; fileRef = 751004012103A8480034F00E /* BViewController.swift */; };
		751004052103A8950034F00E /* NSObjects.swift in Sources */ = {isa = PBXBuildFile; fileRef = 751004042103A8950034F00E /* NSObjects.swift */; };
		F712758121037BFA00A66B6A /* AppDelegate.swift in Sources */ = {isa = PBXBuildFile; fileRef = F712758021037BFA00A66B6A /* AppDelegate.swift */; };
		F712758321037BFA00A66B6A /* ViewController.swift in Sources */ = {isa = PBXBuildFile; fileRef = F712758221037BFA00A66B6A /* ViewController.swift */; };
		F712758621037BFA00A66B6A /* Main.storyboard in Resources */ = {isa = PBXBuildFile; fileRef = F712758421037BFA00A66B6A /* Main.storyboard */; };
		F712758821037BFC00A66B6A /* Assets.xcassets in Resources */ = {isa = PBXBuildFile; fileRef = F712758721037BFC00A66B6A /* Assets.xcassets */; };
		F712758B21037BFC00A66B6A /* LaunchScreen.storyboard in Resources */ = {isa = PBXBuildFile; fileRef = F712758921037BFC00A66B6A /* LaunchScreen.storyboard */; };
		F712759621037BFC00A66B6A /* godTests.swift in Sources */ = {isa = PBXBuildFile; fileRef = F712759521037BFC00A66B6A /* godTests.swift */; };
		F71275A121037BFC00A66B6A /* godUITests.swift in Sources */ = {isa = PBXBuildFile; fileRef = F71275A021037BFC00A66B6A /* godUITests.swift */; };
		F7A0231E21043E65003E0C4B /* Adventures-through-Japan2rs800.jpg in Resources */ = {isa = PBXBuildFile; fileRef = F7A0231D21043E65003E0C4B /* Adventures-through-Japan2rs800.jpg */; };
/* End PBXBuildFile section */

/* Begin PBXContainerItemProxy section */
		F712759221037BFC00A66B6A /* PBXContainerItemProxy */ = {
			isa = PBXContainerItemProxy;
			containerPortal = F712757521037BFA00A66B6A /* Project object */;
			proxyType = 1;
			remoteGlobalIDString = F712757C21037BFA00A66B6A;
			remoteInfo = god;
		};
		F712759D21037BFC00A66B6A /* PBXContainerItemProxy */ = {
			isa = PBXContainerItemProxy;
			containerPortal = F712757521037BFA00A66B6A /* Project object */;
			proxyType = 1;
			remoteGlobalIDString = F712757C21037BFA00A66B6A;
			remoteInfo = god;
		};
/* End PBXContainerItemProxy section */

/* Begin PBXFileReference section */
		751003F0210391440034F00E /* QRReaderViewController.swift */ = {isa = PBXFileReference; lastKnownFileType = sourcecode.swift; path = QRReaderViewController.swift; sourceTree = "<group>"; };
		751003F2210397D30034F00E /* QRReaderViewController.storyboard */ = {isa = PBXFileReference; lastKnownFileType = file.storyboard; path = QRReaderViewController.storyboard; sourceTree = "<group>"; };
		751003F62103A0E50034F00E /* QRReaderView.swift */ = {isa = PBXFileReference; fileEncoding = 4; lastKnownFileType = sourcecode.swift; path = QRReaderView.swift; sourceTree = "<group>"; };
		751003FA2103A7C90034F00E /* AViewController.swift */ = {isa = PBXFileReference; lastKnownFileType = sourcecode.swift; path = AViewController.swift; sourceTree = "<group>"; };
		751003FC2103A7D70034F00E /* AViewController.storyboard */ = {isa = PBXFileReference; lastKnownFileType = file.storyboard; path = AViewController.storyboard; sourceTree = "<group>"; };
		751003FF2103A83C0034F00E /* BViewController.storyboard */ = {isa = PBXFileReference; lastKnownFileType = file.storyboard; path = BViewController.storyboard; sourceTree = "<group>"; };
		751004012103A8480034F00E /* BViewController.swift */ = {isa = PBXFileReference; lastKnownFileType = sourcecode.swift; path = BViewController.swift; sourceTree = "<group>"; };
		751004042103A8950034F00E /* NSObjects.swift */ = {isa = PBXFileReference; lastKnownFileType = sourcecode.swift; path = NSObjects.swift; sourceTree = "<group>"; };
		F712757D21037BFA00A66B6A /* god.app */ = {isa = PBXFileReference; explicitFileType = wrapper.application; includeInIndex = 0; path = god.app; sourceTree = BUILT_PRODUCTS_DIR; };
		F712758021037BFA00A66B6A /* AppDelegate.swift */ = {isa = PBXFileReference; lastKnownFileType = sourcecode.swift; path = AppDelegate.swift; sourceTree = "<group>"; };
		F712758221037BFA00A66B6A /* ViewController.swift */ = {isa = PBXFileReference; lastKnownFileType = sourcecode.swift; path = ViewController.swift; sourceTree = "<group>"; };
		F712758521037BFA00A66B6A /* Base */ = {isa = PBXFileReference; lastKnownFileType = file.storyboard; name = Base; path = Base.lproj/Main.storyboard; sourceTree = "<group>"; };
		F712758721037BFC00A66B6A /* Assets.xcassets */ = {isa = PBXFileReference; lastKnownFileType = folder.assetcatalog; path = Assets.xcassets; sourceTree = "<group>"; };
		F712758A21037BFC00A66B6A /* Base */ = {isa = PBXFileReference; lastKnownFileType = file.storyboard; name = Base; path = Base.lproj/LaunchScreen.storyboard; sourceTree = "<group>"; };
		F712758C21037BFC00A66B6A /* Info.plist */ = {isa = PBXFileReference; lastKnownFileType = text.plist.xml; path = Info.plist; sourceTree = "<group>"; };
		F712759121037BFC00A66B6A /* godTests.xctest */ = {isa = PBXFileReference; explicitFileType = wrapper.cfbundle; includeInIndex = 0; path = godTests.xctest; sourceTree = BUILT_PRODUCTS_DIR; };
		F712759521037BFC00A66B6A /* godTests.swift */ = {isa = PBXFileReference; lastKnownFileType = sourcecode.swift; path = godTests.swift; sourceTree = "<group>"; };
		F712759721037BFC00A66B6A /* Info.plist */ = {isa = PBXFileReference; lastKnownFileType = text.plist.xml; path = Info.plist; sourceTree = "<group>"; };
		F712759C21037BFC00A66B6A /* godUITests.xctest */ = {isa = PBXFileReference; explicitFileType = wrapper.cfbundle; includeInIndex = 0; path = godUITests.xctest; sourceTree = BUILT_PRODUCTS_DIR; };
		F71275A021037BFC00A66B6A /* godUITests.swift */ = {isa = PBXFileReference; lastKnownFileType = sourcecode.swift; path = godUITests.swift; sourceTree = "<group>"; };
		F71275A221037BFC00A66B6A /* Info.plist */ = {isa = PBXFileReference; lastKnownFileType = text.plist.xml; path = Info.plist; sourceTree = "<group>"; };
		F7A0231D21043E65003E0C4B /* Adventures-through-Japan2rs800.jpg */ = {isa = PBXFileReference; lastKnownFileType = image.jpeg; path = "Adventures-through-Japan2rs800.jpg"; sourceTree = "<group>"; };
/* End PBXFileReference section */

/* Begin PBXFrameworksBuildPhase section */
		F712757A21037BFA00A66B6A /* Frameworks */ = {
			isa = PBXFrameworksBuildPhase;
			buildActionMask = 2147483647;
			files = (
			);
			runOnlyForDeploymentPostprocessing = 0;
		};
		F712758E21037BFC00A66B6A /* Frameworks */ = {
			isa = PBXFrameworksBuildPhase;
			buildActionMask = 2147483647;
			files = (
			);
			runOnlyForDeploymentPostprocessing = 0;
		};
		F712759921037BFC00A66B6A /* Frameworks */ = {
			isa = PBXFrameworksBuildPhase;
			buildActionMask = 2147483647;
			files = (
			);
			runOnlyForDeploymentPostprocessing = 0;
		};
/* End PBXFrameworksBuildPhase section */

/* Begin PBXGroup section */
		751003F82103A79D0034F00E /* QRReader */ = {
			isa = PBXGroup;
			children = (
				751003F0210391440034F00E /* QRReaderViewController.swift */,
				751003F62103A0E50034F00E /* QRReaderView.swift */,
				751003F2210397D30034F00E /* QRReaderViewController.storyboard */,
			);
			path = QRReader;
			sourceTree = "<group>";
		};
		751003F92103A7AE0034F00E /* A */ = {
			isa = PBXGroup;
			children = (
				751003FA2103A7C90034F00E /* AViewController.swift */,
				F7A0231D21043E65003E0C4B /* Adventures-through-Japan2rs800.jpg */,
				751003FC2103A7D70034F00E /* AViewController.storyboard */,
			);
			path = A;
			sourceTree = "<group>";
		};
		751003FE2103A82A0034F00E /* B */ = {
			isa = PBXGroup;
			children = (
				751003FF2103A83C0034F00E /* BViewController.storyboard */,
				751004012103A8480034F00E /* BViewController.swift */,
			);
			path = B;
			sourceTree = "<group>";
		};
		751004032103A8860034F00E /* Extensions */ = {
			isa = PBXGroup;
			children = (
				751004042103A8950034F00E /* NSObjects.swift */,
			);
			path = Extensions;
			sourceTree = "<group>";
		};
		F712757421037BFA00A66B6A = {
			isa = PBXGroup;
			children = (
				F712757F21037BFA00A66B6A /* god */,
				F712759421037BFC00A66B6A /* godTests */,
				F712759F21037BFC00A66B6A /* godUITests */,
				F712757E21037BFA00A66B6A /* Products */,
			);
			sourceTree = "<group>";
		};
		F712757E21037BFA00A66B6A /* Products */ = {
			isa = PBXGroup;
			children = (
				F712757D21037BFA00A66B6A /* god.app */,
				F712759121037BFC00A66B6A /* godTests.xctest */,
				F712759C21037BFC00A66B6A /* godUITests.xctest */,
			);
			name = Products;
			sourceTree = "<group>";
		};
		F712757F21037BFA00A66B6A /* god */ = {
			isa = PBXGroup;
			children = (
				751004032103A8860034F00E /* Extensions */,
				751003FE2103A82A0034F00E /* B */,
				751003F92103A7AE0034F00E /* A */,
				751003F82103A79D0034F00E /* QRReader */,
				F712758021037BFA00A66B6A /* AppDelegate.swift */,
				F712758221037BFA00A66B6A /* ViewController.swift */,
				F712758421037BFA00A66B6A /* Main.storyboard */,
				F712758721037BFC00A66B6A /* Assets.xcassets */,
				F712758921037BFC00A66B6A /* LaunchScreen.storyboard */,
				F712758C21037BFC00A66B6A /* Info.plist */,
			);
			path = god;
			sourceTree = "<group>";
		};
		F712759421037BFC00A66B6A /* godTests */ = {
			isa = PBXGroup;
			children = (
				F712759521037BFC00A66B6A /* godTests.swift */,
				F712759721037BFC00A66B6A /* Info.plist */,
			);
			path = godTests;
			sourceTree = "<group>";
		};
		F712759F21037BFC00A66B6A /* godUITests */ = {
			isa = PBXGroup;
			children = (
				F71275A021037BFC00A66B6A /* godUITests.swift */,
				F71275A221037BFC00A66B6A /* Info.plist */,
			);
			path = godUITests;
			sourceTree = "<group>";
		};
/* End PBXGroup section */

/* Begin PBXNativeTarget section */
		F712757C21037BFA00A66B6A /* god */ = {
			isa = PBXNativeTarget;
			buildConfigurationList = F71275A521037BFC00A66B6A /* Build configuration list for PBXNativeTarget "god" */;
			buildPhases = (
				F712757921037BFA00A66B6A /* Sources */,
				F712757A21037BFA00A66B6A /* Frameworks */,
				F712757B21037BFA00A66B6A /* Resources */,
			);
			buildRules = (
			);
			dependencies = (
			);
			name = god;
			productName = god;
			productReference = F712757D21037BFA00A66B6A /* god.app */;
			productType = "com.apple.product-type.application";
		};
		F712759021037BFC00A66B6A /* godTests */ = {
			isa = PBXNativeTarget;
			buildConfigurationList = F71275A821037BFC00A66B6A /* Build configuration list for PBXNativeTarget "godTests" */;
			buildPhases = (
				F712758D21037BFC00A66B6A /* Sources */,
				F712758E21037BFC00A66B6A /* Frameworks */,
				F712758F21037BFC00A66B6A /* Resources */,
			);
			buildRules = (
			);
			dependencies = (
				F712759321037BFC00A66B6A /* PBXTargetDependency */,
			);
			name = godTests;
			productName = godTests;
			productReference = F712759121037BFC00A66B6A /* godTests.xctest */;
			productType = "com.apple.product-type.bundle.unit-test";
		};
		F712759B21037BFC00A66B6A /* godUITests */ = {
			isa = PBXNativeTarget;
			buildConfigurationList = F71275AB21037BFC00A66B6A /* Build configuration list for PBXNativeTarget "godUITests" */;
			buildPhases = (
				F712759821037BFC00A66B6A /* Sources */,
				F712759921037BFC00A66B6A /* Frameworks */,
				F712759A21037BFC00A66B6A /* Resources */,
			);
			buildRules = (
			);
			dependencies = (
				F712759E21037BFC00A66B6A /* PBXTargetDependency */,
			);
			name = godUITests;
			productName = godUITests;
			productReference = F712759C21037BFC00A66B6A /* godUITests.xctest */;
			productType = "com.apple.product-type.bundle.ui-testing";
		};
/* End PBXNativeTarget section */

/* Begin PBXProject section */
		F712757521037BFA00A66B6A /* Project object */ = {
			isa = PBXProject;
			attributes = {
				LastSwiftUpdateCheck = 0940;
				LastUpgradeCheck = 0940;
				ORGANIZATIONNAME = taiki;
				TargetAttributes = {
					F712757C21037BFA00A66B6A = {
						CreatedOnToolsVersion = 9.4.1;
					};
					F712759021037BFC00A66B6A = {
						CreatedOnToolsVersion = 9.4.1;
						TestTargetID = F712757C21037BFA00A66B6A;
					};
					F712759B21037BFC00A66B6A = {
						CreatedOnToolsVersion = 9.4.1;
						TestTargetID = F712757C21037BFA00A66B6A;
					};
				};
			};
			buildConfigurationList = F712757821037BFA00A66B6A /* Build configuration list for PBXProject "god" */;
			compatibilityVersion = "Xcode 9.3";
			developmentRegion = en;
			hasScannedForEncodings = 0;
			knownRegions = (
				en,
				Base,
			);
			mainGroup = F712757421037BFA00A66B6A;
			productRefGroup = F712757E21037BFA00A66B6A /* Products */;
			projectDirPath = "";
			projectRoot = "";
			targets = (
				F712757C21037BFA00A66B6A /* god */,
				F712759021037BFC00A66B6A /* godTests */,
				F712759B21037BFC00A66B6A /* godUITests */,
			);
		};
/* End PBXProject section */

/* Begin PBXResourcesBuildPhase section */
		F712757B21037BFA00A66B6A /* Resources */ = {
			isa = PBXResourcesBuildPhase;
			buildActionMask = 2147483647;
			files = (
				F712758B21037BFC00A66B6A /* LaunchScreen.storyboard in Resources */,
				F712758821037BFC00A66B6A /* Assets.xcassets in Resources */,
				751003FD2103A7D70034F00E /* AViewController.storyboard in Resources */,
				F712758621037BFA00A66B6A /* Main.storyboard in Resources */,
				751004002103A83C0034F00E /* BViewController.storyboard in Resources */,
				751003F3210397D30034F00E /* QRReaderViewController.storyboard in Resources */,
				F7A0231E21043E65003E0C4B /* Adventures-through-Japan2rs800.jpg in Resources */,
			);
			runOnlyForDeploymentPostprocessing = 0;
		};
		F712758F21037BFC00A66B6A /* Resources */ = {
			isa = PBXResourcesBuildPhase;
			buildActionMask = 2147483647;
			files = (
			);
			runOnlyForDeploymentPostprocessing = 0;
		};
		F712759A21037BFC00A66B6A /* Resources */ = {
			isa = PBXResourcesBuildPhase;
			buildActionMask = 2147483647;
			files = (
			);
			runOnlyForDeploymentPostprocessing = 0;
		};
/* End PBXResourcesBuildPhase section */

/* Begin PBXSourcesBuildPhase section */
		F712757921037BFA00A66B6A /* Sources */ = {
			isa = PBXSourcesBuildPhase;
			buildActionMask = 2147483647;
			files = (
				F712758321037BFA00A66B6A /* ViewController.swift in Sources */,
				751004022103A8480034F00E /* BViewController.swift in Sources */,
				F712758121037BFA00A66B6A /* AppDelegate.swift in Sources */,
				751003F72103A0E50034F00E /* QRReaderView.swift in Sources */,
				751004052103A8950034F00E /* NSObjects.swift in Sources */,
				751003F1210391440034F00E /* QRReaderViewController.swift in Sources */,
				751003FB2103A7C90034F00E /* AViewController.swift in Sources */,
			);
			runOnlyForDeploymentPostprocessing = 0;
		};
		F712758D21037BFC00A66B6A /* Sources */ = {
			isa = PBXSourcesBuildPhase;
			buildActionMask = 2147483647;
			files = (
				F712759621037BFC00A66B6A /* godTests.swift in Sources */,
			);
			runOnlyForDeploymentPostprocessing = 0;
		};
		F712759821037BFC00A66B6A /* Sources */ = {
			isa = PBXSourcesBuildPhase;
			buildActionMask = 2147483647;
			files = (
				F71275A121037BFC00A66B6A /* godUITests.swift in Sources */,
			);
			runOnlyForDeploymentPostprocessing = 0;
		};
/* End PBXSourcesBuildPhase section */

/* Begin PBXTargetDependency section */
		F712759321037BFC00A66B6A /* PBXTargetDependency */ = {
			isa = PBXTargetDependency;
			target = F712757C21037BFA00A66B6A /* god */;
			targetProxy = F712759221037BFC00A66B6A /* PBXContainerItemProxy */;
		};
		F712759E21037BFC00A66B6A /* PBXTargetDependency */ = {
			isa = PBXTargetDependency;
			target = F712757C21037BFA00A66B6A /* god */;
			targetProxy = F712759D21037BFC00A66B6A /* PBXContainerItemProxy */;
		};
/* End PBXTargetDependency section */

/* Begin PBXVariantGroup section */
		F712758421037BFA00A66B6A /* Main.storyboard */ = {
			isa = PBXVariantGroup;
			children = (
				F712758521037BFA00A66B6A /* Base */,
			);
			name = Main.storyboard;
			sourceTree = "<group>";
		};
		F712758921037BFC00A66B6A /* LaunchScreen.storyboard */ = {
			isa = PBXVariantGroup;
			children = (
				F712758A21037BFC00A66B6A /* Base */,
			);
			name = LaunchScreen.storyboard;
			sourceTree = "<group>";
		};
/* End PBXVariantGroup section */

/* Begin XCBuildConfiguration section */
		F71275A321037BFC00A66B6A /* Debug */ = {
			isa = XCBuildConfiguration;
			buildSettings = {
				ALWAYS_SEARCH_USER_PATHS = NO;
				CLANG_ANALYZER_NONNULL = YES;
				CLANG_ANALYZER_NUMBER_OBJECT_CONVERSION = YES_AGGRESSIVE;
				CLANG_CXX_LANGUAGE_STANDARD = "gnu++14";
				CLANG_CXX_LIBRARY = "libc++";
				CLANG_ENABLE_MODULES = YES;
				CLANG_ENABLE_OBJC_ARC = YES;
				CLANG_ENABLE_OBJC_WEAK = YES;
				CLANG_WARN_BLOCK_CAPTURE_AUTORELEASING = YES;
				CLANG_WARN_BOOL_CONVERSION = YES;
				CLANG_WARN_COMMA = YES;
				CLANG_WARN_CONSTANT_CONVERSION = YES;
				CLANG_WARN_DEPRECATED_OBJC_IMPLEMENTATIONS = YES;
				CLANG_WARN_DIRECT_OBJC_ISA_USAGE = YES_ERROR;
				CLANG_WARN_DOCUMENTATION_COMMENTS = YES;
				CLANG_WARN_EMPTY_BODY = YES;
				CLANG_WARN_ENUM_CONVERSION = YES;
				CLANG_WARN_INFINITE_RECURSION = YES;
				CLANG_WARN_INT_CONVERSION = YES;
				CLANG_WARN_NON_LITERAL_NULL_CONVERSION = YES;
				CLANG_WARN_OBJC_IMPLICIT_RETAIN_SELF = YES;
				CLANG_WARN_OBJC_LITERAL_CONVERSION = YES;
				CLANG_WARN_OBJC_ROOT_CLASS = YES_ERROR;
				CLANG_WARN_RANGE_LOOP_ANALYSIS = YES;
				CLANG_WARN_STRICT_PROTOTYPES = YES;
				CLANG_WARN_SUSPICIOUS_MOVE = YES;
				CLANG_WARN_UNGUARDED_AVAILABILITY = YES_AGGRESSIVE;
				CLANG_WARN_UNREACHABLE_CODE = YES;
				CLANG_WARN__DUPLICATE_METHOD_MATCH = YES;
				CODE_SIGN_IDENTITY = "iPhone Developer";
				COPY_PHASE_STRIP = NO;
				DEBUG_INFORMATION_FORMAT = dwarf;
				ENABLE_STRICT_OBJC_MSGSEND = YES;
				ENABLE_TESTABILITY = YES;
				GCC_C_LANGUAGE_STANDARD = gnu11;
				GCC_DYNAMIC_NO_PIC = NO;
				GCC_NO_COMMON_BLOCKS = YES;
				GCC_OPTIMIZATION_LEVEL = 0;
				GCC_PREPROCESSOR_DEFINITIONS = (
					"DEBUG=1",
					"$(inherited)",
				);
				GCC_WARN_64_TO_32_BIT_CONVERSION = YES;
				GCC_WARN_ABOUT_RETURN_TYPE = YES_ERROR;
				GCC_WARN_UNDECLARED_SELECTOR = YES;
				GCC_WARN_UNINITIALIZED_AUTOS = YES_AGGRESSIVE;
				GCC_WARN_UNUSED_FUNCTION = YES;
				GCC_WARN_UNUSED_VARIABLE = YES;
				IPHONEOS_DEPLOYMENT_TARGET = 11.4;
				MTL_ENABLE_DEBUG_INFO = YES;
				ONLY_ACTIVE_ARCH = YES;
				SDKROOT = iphoneos;
				SWIFT_ACTIVE_COMPILATION_CONDITIONS = DEBUG;
				SWIFT_OPTIMIZATION_LEVEL = "-Onone";
			};
			name = Debug;
		};
		F71275A421037BFC00A66B6A /* Release */ = {
			isa = XCBuildConfiguration;
			buildSettings = {
				ALWAYS_SEARCH_USER_PATHS = NO;
				CLANG_ANALYZER_NONNULL = YES;
				CLANG_ANALYZER_NUMBER_OBJECT_CONVERSION = YES_AGGRESSIVE;
				CLANG_CXX_LANGUAGE_STANDARD = "gnu++14";
				CLANG_CXX_LIBRARY = "libc++";
				CLANG_ENABLE_MODULES = YES;
				CLANG_ENABLE_OBJC_ARC = YES;
				CLANG_ENABLE_OBJC_WEAK = YES;
				CLANG_WARN_BLOCK_CAPTURE_AUTORELEASING = YES;
				CLANG_WARN_BOOL_CONVERSION = YES;
				CLANG_WARN_COMMA = YES;
				CLANG_WARN_CONSTANT_CONVERSION = YES;
				CLANG_WARN_DEPRECATED_OBJC_IMPLEMENTATIONS = YES;
				CLANG_WARN_DIRECT_OBJC_ISA_USAGE = YES_ERROR;
				CLANG_WARN_DOCUMENTATION_COMMENTS = YES;
				CLANG_WARN_EMPTY_BODY = YES;
				CLANG_WARN_ENUM_CONVERSION = YES;
				CLANG_WARN_INFINITE_RECURSION = YES;
				CLANG_WARN_INT_CONVERSION = YES;
				CLANG_WARN_NON_LITERAL_NULL_CONVERSION = YES;
				CLANG_WARN_OBJC_IMPLICIT_RETAIN_SELF = YES;
				CLANG_WARN_OBJC_LITERAL_CONVERSION = YES;
				CLANG_WARN_OBJC_ROOT_CLASS = YES_ERROR;
				CLANG_WARN_RANGE_LOOP_ANALYSIS = YES;
				CLANG_WARN_STRICT_PROTOTYPES = YES;
				CLANG_WARN_SUSPICIOUS_MOVE = YES;
				CLANG_WARN_UNGUARDED_AVAILABILITY = YES_AGGRESSIVE;
				CLANG_WARN_UNREACHABLE_CODE = YES;
				CLANG_WARN__DUPLICATE_METHOD_MATCH = YES;
				CODE_SIGN_IDENTITY = "iPhone Developer";
				COPY_PHASE_STRIP = NO;
				DEBUG_INFORMATION_FORMAT = "dwarf-with-dsym";
				ENABLE_NS_ASSERTIONS = NO;
				ENABLE_STRICT_OBJC_MSGSEND = YES;
				GCC_C_LANGUAGE_STANDARD = gnu11;
				GCC_NO_COMMON_BLOCKS = YES;
				GCC_WARN_64_TO_32_BIT_CONVERSION = YES;
				GCC_WARN_ABOUT_RETURN_TYPE = YES_ERROR;
				GCC_WARN_UNDECLARED_SELECTOR = YES;
				GCC_WARN_UNINITIALIZED_AUTOS = YES_AGGRESSIVE;
				GCC_WARN_UNUSED_FUNCTION = YES;
				GCC_WARN_UNUSED_VARIABLE = YES;
				IPHONEOS_DEPLOYMENT_TARGET = 11.4;
				MTL_ENABLE_DEBUG_INFO = NO;
				SDKROOT = iphoneos;
				SWIFT_COMPILATION_MODE = wholemodule;
				SWIFT_OPTIMIZATION_LEVEL = "-O";
				VALIDATE_PRODUCT = YES;
			};
			name = Release;
		};
		F71275A621037BFC00A66B6A /* Debug */ = {
			isa = XCBuildConfiguration;
			buildSettings = {
				ASSETCATALOG_COMPILER_APPICON_NAME = AppIcon;
				CODE_SIGN_IDENTITY = "iPhone Developer";
				CODE_SIGN_STYLE = Automatic;
				DEVELOPMENT_TEAM = GS68A638AG;
				INFOPLIST_FILE = god/Info.plist;
				LD_RUNPATH_SEARCH_PATHS = (
					"$(inherited)",
					"@executable_path/Frameworks",
				);
				PRODUCT_BUNDLE_IDENTIFIER = com.taiki.godhjbft;
				PRODUCT_NAME = "$(TARGET_NAME)";
				PROVISIONING_PROFILE_SPECIFIER = "";
				SWIFT_VERSION = 4.0;
				TARGETED_DEVICE_FAMILY = "1,2";
			};
			name = Debug;
		};
		F71275A721037BFC00A66B6A /* Release */ = {
			isa = XCBuildConfiguration;
			buildSettings = {
				ASSETCATALOG_COMPILER_APPICON_NAME = AppIcon;
				CODE_SIGN_IDENTITY = "iPhone Developer";
				CODE_SIGN_STYLE = Automatic;
				DEVELOPMENT_TEAM = GS68A638AG;
				INFOPLIST_FILE = god/Info.plist;
				LD_RUNPATH_SEARCH_PATHS = (
					"$(inherited)",
					"@executable_path/Frameworks",
				);
				PRODUCT_BUNDLE_IDENTIFIER = com.taiki.godhjbft;
				PRODUCT_NAME = "$(TARGET_NAME)";
				PROVISIONING_PROFILE_SPECIFIER = "";
				SWIFT_VERSION = 4.0;
				TARGETED_DEVICE_FAMILY = "1,2";
			};
			name = Release;
		};
		F71275A921037BFC00A66B6A /* Debug */ = {
			isa = XCBuildConfiguration;
			buildSettings = {
				ALWAYS_EMBED_SWIFT_STANDARD_LIBRARIES = YES;
				BUNDLE_LOADER = "$(TEST_HOST)";
				CODE_SIGN_STYLE = Automatic;
				INFOPLIST_FILE = godTests/Info.plist;
				LD_RUNPATH_SEARCH_PATHS = (
					"$(inherited)",
					"@executable_path/Frameworks",
					"@loader_path/Frameworks",
				);
				PRODUCT_BUNDLE_IDENTIFIER = freedom.godTests;
				PRODUCT_NAME = "$(TARGET_NAME)";
				SWIFT_VERSION = 4.0;
				TARGETED_DEVICE_FAMILY = "1,2";
				TEST_HOST = "$(BUILT_PRODUCTS_DIR)/god.app/god";
			};
			name = Debug;
		};
		F71275AA21037BFC00A66B6A /* Release */ = {
			isa = XCBuildConfiguration;
			buildSettings = {
				ALWAYS_EMBED_SWIFT_STANDARD_LIBRARIES = YES;
				BUNDLE_LOADER = "$(TEST_HOST)";
				CODE_SIGN_STYLE = Automatic;
				INFOPLIST_FILE = godTests/Info.plist;
				LD_RUNPATH_SEARCH_PATHS = (
					"$(inherited)",
					"@executable_path/Frameworks",
					"@loader_path/Frameworks",
				);
				PRODUCT_BUNDLE_IDENTIFIER = freedom.godTests;
				PRODUCT_NAME = "$(TARGET_NAME)";
				SWIFT_VERSION = 4.0;
				TARGETED_DEVICE_FAMILY = "1,2";
				TEST_HOST = "$(BUILT_PRODUCTS_DIR)/god.app/god";
			};
			name = Release;
		};
		F71275AC21037BFC00A66B6A /* Debug */ = {
			isa = XCBuildConfiguration;
			buildSettings = {
				ALWAYS_EMBED_SWIFT_STANDARD_LIBRARIES = YES;
				CODE_SIGN_STYLE = Automatic;
				INFOPLIST_FILE = godUITests/Info.plist;
				LD_RUNPATH_SEARCH_PATHS = (
					"$(inherited)",
					"@executable_path/Frameworks",
					"@loader_path/Frameworks",
				);
				PRODUCT_BUNDLE_IDENTIFIER = freedom.godUITests;
				PRODUCT_NAME = "$(TARGET_NAME)";
				SWIFT_VERSION = 4.0;
				TARGETED_DEVICE_FAMILY = "1,2";
				TEST_TARGET_NAME = god;
			};
			name = Debug;
		};
		F71275AD21037BFC00A66B6A /* Release */ = {
			isa = XCBuildConfiguration;
			buildSettings = {
				ALWAYS_EMBED_SWIFT_STANDARD_LIBRARIES = YES;
				CODE_SIGN_STYLE = Automatic;
				INFOPLIST_FILE = godUITests/Info.plist;
				LD_RUNPATH_SEARCH_PATHS = (
					"$(inherited)",
					"@executable_path/Frameworks",
					"@loader_path/Frameworks",
				);
				PRODUCT_BUNDLE_IDENTIFIER = freedom.godUITests;
				PRODUCT_NAME = "$(TARGET_NAME)";
				SWIFT_VERSION = 4.0;
				TARGETED_DEVICE_FAMILY = "1,2";
				TEST_TARGET_NAME = god;
			};
			name = Release;
		};
/* End XCBuildConfiguration section */

/* Begin XCConfigurationList section */
		F712757821037BFA00A66B6A /* Build configuration list for PBXProject "god" */ = {
			isa = XCConfigurationList;
			buildConfigurations = (
				F71275A321037BFC00A66B6A /* Debug */,
				F71275A421037BFC00A66B6A /* Release */,
			);
			defaultConfigurationIsVisible = 0;
			defaultConfigurationName = Release;
		};
		F71275A521037BFC00A66B6A /* Build configuration list for PBXNativeTarget "god" */ = {
			isa = XCConfigurationList;
			buildConfigurations = (
				F71275A621037BFC00A66B6A /* Debug */,
				F71275A721037BFC00A66B6A /* Release */,
			);
			defaultConfigurationIsVisible = 0;
			defaultConfigurationName = Release;
		};
		F71275A821037BFC00A66B6A /* Build configuration list for PBXNativeTarget "godTests" */ = {
			isa = XCConfigurationList;
			buildConfigurations = (
				F71275A921037BFC00A66B6A /* Debug */,
				F71275AA21037BFC00A66B6A /* Release */,
			);
			defaultConfigurationIsVisible = 0;
			defaultConfigurationName = Release;
		};
		F71275AB21037BFC00A66B6A /* Build configuration list for PBXNativeTarget "godUITests" */ = {
			isa = XCConfigurationList;
			buildConfigurations = (
				F71275AC21037BFC00A66B6A /* Debug */,
				F71275AD21037BFC00A66B6A /* Release */,
			);
			defaultConfigurationIsVisible = 0;
			defaultConfigurationName = Release;
		};
/* End XCConfigurationList section */
	};
	rootObject = F712757521037BFA00A66B6A /* Project object */;
}
